
Microsoft Visual Studio Solution File, Format Version 12.00
# Visual Studio Version 16
VisualStudioVersion = 16.0.29123.88
MinimumVisualStudioVersion = 10.0.40219.1
Project("{888888A0-9F3D-457C-B088-3A5042F75D52}") = "hELLO", "hELLO\hELLO.pyproj", "{7D9BE92E-F0A7-4C24-91AD-D4266FFB1562}"
EndProject
Global
	GlobalSection(SolutionConfigurationPlatforms) = preSolution
		Debug|Any CPU = Debug|Any CPU
		Release|Any CPU = Release|Any CPU
	EndGlobalSection
	GlobalSection(ProjectConfigurationPlatforms) = postSolution
		{7D9BE92E-F0A7-4C24-91AD-D4266FFB1562}.Debug|Any CPU.ActiveCfg = Debug|Any CPU
		{7D9BE92E-F0A7-4C24-91AD-D4266FFB1562}.Release|Any CPU.ActiveCfg = Release|Any CPU
	EndGlobalSection
	GlobalSection(SolutionProperties) = preSolution
		HideSolutionNode = FALSE
	EndGlobalSection
	GlobalSection(ExtensibilityGlobals) = postSolution
		SolutionGuid = {A91E3C1E-3C41-40DE-9E93-3F93E3F7F5FC}
	EndGlobalSection
EndGlobal
